
Microsoft Visual Studio Solution File, Format Version 12.00
# Visual Studio Version 16
VisualStudioVersion = 16.0.30406.217
MinimumVisualStudioVersion = 10.0.40219.1
Project("{FAE04EC0-301F-11D3-BF4B-00C04F79EFBC}") = "1-PrimeiroProjeto", "1-PrimeiroProjeto\1-PrimeiroProjeto.csproj", "{5006BB13-6F36-4D88-A41A-6A611DC385D5}"
EndProject
Project("{FAE04EC0-301F-11D3-BF4B-00C04F79EFBC}") = "2-CriandoVariaveis", "2-CriandoVariaveis\2-CriandoVariaveis.csproj", "{4FE41955-DA3B-4473-8E02-8E3F88F23E3D}"
EndProject
Project("{FAE04EC0-301F-11D3-BF4B-00C04F79EFBC}") = "3-CriandoVariaveisPontoFlutuante", "3-CriandoVariaveisPontoFlutuante\3-CriandoVariaveisPontoFlutuante.csproj", "{6B6175B9-FDFA-41A7-B7E4-AAE468A33C9F}"
EndProject
Project("{FAE04EC0-301F-11D3-BF4B-00C04F79EFBC}") = "4-ConversoesEOutrosTiposNumericos", "4-ConversoesEOutrosTiposNumericos\4-ConversoesEOutrosTiposNumericos.csproj", "{A581A67F-0FA5-4863-81BB-1DF4EB5513FA}"
EndProject
Project("{FAE04EC0-301F-11D3-BF4B-00C04F79EFBC}") = "5-CaracteresETextos", "5-CaracteresETextos\5-CaracteresETextos.csproj", "{5BAB3EAB-2A12-4F83-8A5B-65EB0EDBA78A}"
EndProject
Project("{FAE04EC0-301F-11D3-BF4B-00C04F79EFBC}") = "6-AtribuicoesDeVariaveis", "6-AtribuicoesDeVariaveis\6-AtribuicoesDeVariaveis.csproj", "{A2D3F688-C4B6-4741-81FE-77A090EE530D}"
EndProject
Project("{FAE04EC0-301F-11D3-BF4B-00C04F79EFBC}") = "7-Condicionais", "7-Condicionais\7-Condicionais.csproj", "{428DB931-C68C-433C-AD5D-EAF053E72052}"
EndProject
Project("{FAE04EC0-301F-11D3-BF4B-00C04F79EFBC}") = "8-Condicionais2", "8-Condicionais2\8-Condicionais2.csproj", "{391BC12B-3C5C-4594-A174-78473F62980F}"
EndProject
Project("{FAE04EC0-301F-11D3-BF4B-00C04F79EFBC}") = "9-Escopo", "9-Escopo\9-Escopo.csproj", "{940C97F0-50C0-4B5C-9593-6473BD0CC774}"
EndProject
Project("{FAE04EC0-301F-11D3-BF4B-00C04F79EFBC}") = "P10-CalculaPoupanca", "P10-CalculaPoupanca\P10-CalculaPoupanca.csproj", "{23A8D6B4-DF5E-4FC4-A0C6-BB8A50C6CFE1}"
EndProject
Project("{FAE04EC0-301F-11D3-BF4B-00C04F79EFBC}") = "P11-CalculaPoupanca2", "P11-CalculaPoupanca2\P11-CalculaPoupanca2.csproj", "{EC97934F-4A74-4960-A042-C10089FC885C}"
EndProject
Project("{FAE04EC0-301F-11D3-BF4B-00C04F79EFBC}") = "P12-CalculaInvestimentoLongoPrazo", "P12-CalculaInvestimentoLongoPrazo\P12-CalculaInvestimentoLongoPrazo.csproj", "{5243EE60-20D9-408B-AC69-1FF7E901DA04}"
EndProject
Project("{FAE04EC0-301F-11D3-BF4B-00C04F79EFBC}") = "P13-ForEncadeado", "P13-ForEncadeado\P13-ForEncadeado.csproj", "{934750E6-F69B-4BA6-82C6-29F507F1D97A}"
EndProject
Project("{FAE04EC0-301F-11D3-BF4B-00C04F79EFBC}") = "X-LacoDeRepeticaoWhile", "X-LacoDeRepeticaoWhile\X-LacoDeRepeticaoWhile.csproj", "{79042993-891B-450A-89D6-26EC9179A9CD}"
EndProject
Project("{FAE04EC0-301F-11D3-BF4B-00C04F79EFBC}") = "X-LacoDeRepeticaoFor", "X-LacoDeRepeticaoFor\X-LacoDeRepeticaoFor.csproj", "{9E3693D8-EAAA-437C-B6A5-64311292605B}"
EndProject
Project("{FAE04EC0-301F-11D3-BF4B-00C04F79EFBC}") = "X-LacoDeRepeticaoFor2", "X-LacoDeRepeticaoFor2\X-LacoDeRepeticaoFor2.csproj", "{A3F2934D-2DA4-44B7-B94E-347EAFBF116F}"
EndProject
Project("{FAE04EC0-301F-11D3-BF4B-00C04F79EFBC}") = "X-LacoDeRepeticaoFor3", "X-LacoDeRepeticaoFor3\X-LacoDeRepeticaoFor3.csproj", "{57CF8310-3DDD-4921-9729-75C928A1DC21}"
EndProject
Project("{FAE04EC0-301F-11D3-BF4B-00C04F79EFBC}") = "X-LacoDeRepeticaoFor4", "X-LacoDeRepeticaoFor4\X-LacoDeRepeticaoFor4.csproj", "{65A577F5-C108-48EB-A9A4-4872A2E349B0}"
EndProject
Project("{FAE04EC0-301F-11D3-BF4B-00C04F79EFBC}") = "X-Fatorial", "X-Fatorial\X-Fatorial.csproj", "{3D9726BF-9003-4E3E-86C7-63FE7C557CD5}"
EndProject
Global
	GlobalSection(SolutionConfigurationPlatforms) = preSolution
		Debug|Any CPU = Debug|Any CPU
		Release|Any CPU = Release|Any CPU
	EndGlobalSection
	GlobalSection(ProjectConfigurationPlatforms) = postSolution
		{5006BB13-6F36-4D88-A41A-6A611DC385D5}.Debug|Any CPU.ActiveCfg = Debug|Any CPU
		{5006BB13-6F36-4D88-A41A-6A611DC385D5}.Debug|Any CPU.Build.0 = Debug|Any CPU
		{5006BB13-6F36-4D88-A41A-6A611DC385D5}.Release|Any CPU.ActiveCfg = Release|Any CPU
		{5006BB13-6F36-4D88-A41A-6A611DC385D5}.Release|Any CPU.Build.0 = Release|Any CPU
		{4FE41955-DA3B-4473-8E02-8E3F88F23E3D}.Debug|Any CPU.ActiveCfg = Debug|Any CPU
		{4FE41955-DA3B-4473-8E02-8E3F88F23E3D}.Debug|Any CPU.Build.0 = Debug|Any CPU
		{4FE41955-DA3B-4473-8E02-8E3F88F23E3D}.Release|Any CPU.ActiveCfg = Release|Any CPU
		{4FE41955-DA3B-4473-8E02-8E3F88F23E3D}.Release|Any CPU.Build.0 = Release|Any CPU
		{6B6175B9-FDFA-41A7-B7E4-AAE468A33C9F}.Debug|Any CPU.ActiveCfg = Debug|Any CPU
		{6B6175B9-FDFA-41A7-B7E4-AAE468A33C9F}.Debug|Any CPU.Build.0 = Debug|Any CPU
		{6B6175B9-FDFA-41A7-B7E4-AAE468A33C9F}.Release|Any CPU.ActiveCfg = Release|Any CPU
		{6B6175B9-FDFA-41A7-B7E4-AAE468A33C9F}.Release|Any CPU.Build.0 = Release|Any CPU
		{A581A67F-0FA5-4863-81BB-1DF4EB5513FA}.Debug|Any CPU.ActiveCfg = Debug|Any CPU
		{A581A67F-0FA5-4863-81BB-1DF4EB5513FA}.Debug|Any CPU.Build.0 = Debug|Any CPU
		{A581A67F-0FA5-4863-81BB-1DF4EB5513FA}.Release|Any CPU.ActiveCfg = Release|Any CPU
		{A581A67F-0FA5-4863-81BB-1DF4EB5513FA}.Release|Any CPU.Build.0 = Release|Any CPU
		{5BAB3EAB-2A12-4F83-8A5B-65EB0EDBA78A}.Debug|Any CPU.ActiveCfg = Debug|Any CPU
		{5BAB3EAB-2A12-4F83-8A5B-65EB0EDBA78A}.Debug|Any CPU.Build.0 = Debug|Any CPU
		{5BAB3EAB-2A12-4F83-8A5B-65EB0EDBA78A}.Release|Any CPU.ActiveCfg = Release|Any CPU
		{5BAB3EAB-2A12-4F83-8A5B-65EB0EDBA78A}.Release|Any CPU.Build.0 = Release|Any CPU
		{A2D3F688-C4B6-4741-81FE-77A090EE530D}.Debug|Any CPU.ActiveCfg = Debug|Any CPU
		{A2D3F688-C4B6-4741-81FE-77A090EE530D}.Debug|Any CPU.Build.0 = Debug|Any CPU
		{A2D3F688-C4B6-4741-81FE-77A090EE530D}.Release|Any CPU.ActiveCfg = Release|Any CPU
		{A2D3F688-C4B6-4741-81FE-77A090EE530D}.Release|Any CPU.Build.0 = Release|Any CPU
		{428DB931-C68C-433C-AD5D-EAF053E72052}.Debug|Any CPU.ActiveCfg = Debug|Any CPU
		{428DB931-C68C-433C-AD5D-EAF053E72052}.Debug|Any CPU.Build.0 = Debug|Any CPU
		{428DB931-C68C-433C-AD5D-EAF053E72052}.Release|Any CPU.ActiveCfg = Release|Any CPU
		{428DB931-C68C-433C-AD5D-EAF053E72052}.Release|Any CPU.Build.0 = Release|Any CPU
		{391BC12B-3C5C-4594-A174-78473F62980F}.Debug|Any CPU.ActiveCfg = Debug|Any CPU
		{391BC12B-3C5C-4594-A174-78473F62980F}.Debug|Any CPU.Build.0 = Debug|Any CPU
		{391BC12B-3C5C-4594-A174-78473F62980F}.Release|Any CPU.ActiveCfg = Release|Any CPU
		{391BC12B-3C5C-4594-A174-78473F62980F}.Release|Any CPU.Build.0 = Release|Any CPU
		{940C97F0-50C0-4B5C-9593-6473BD0CC774}.Debug|Any CPU.ActiveCfg = Debug|Any CPU
		{940C97F0-50C0-4B5C-9593-6473BD0CC774}.Debug|Any CPU.Build.0 = Debug|Any CPU
		{940C97F0-50C0-4B5C-9593-6473BD0CC774}.Release|Any CPU.ActiveCfg = Release|Any CPU
		{940C97F0-50C0-4B5C-9593-6473BD0CC774}.Release|Any CPU.Build.0 = Release|Any CPU
		{23A8D6B4-DF5E-4FC4-A0C6-BB8A50C6CFE1}.Debug|Any CPU.ActiveCfg = Debug|Any CPU
		{23A8D6B4-DF5E-4FC4-A0C6-BB8A50C6CFE1}.Debug|Any CPU.Build.0 = Debug|Any CPU
		{23A8D6B4-DF5E-4FC4-A0C6-BB8A50C6CFE1}.Release|Any CPU.ActiveCfg = Release|Any CPU
		{23A8D6B4-DF5E-4FC4-A0C6-BB8A50C6CFE1}.Release|Any CPU.Build.0 = Release|Any CPU
		{EC97934F-4A74-4960-A042-C10089FC885C}.Debug|Any CPU.ActiveCfg = Debug|Any CPU
		{EC97934F-4A74-4960-A042-C10089FC885C}.Debug|Any CPU.Build.0 = Debug|Any CPU
		{EC97934F-4A74-4960-A042-C10089FC885C}.Release|Any CPU.ActiveCfg = Release|Any CPU
		{EC97934F-4A74-4960-A042-C10089FC885C}.Release|Any CPU.Build.0 = Release|Any CPU
		{5243EE60-20D9-408B-AC69-1FF7E901DA04}.Debug|Any CPU.ActiveCfg = Debug|Any CPU
		{5243EE60-20D9-408B-AC69-1FF7E901DA04}.Debug|Any CPU.Build.0 = Debug|Any CPU
		{5243EE60-20D9-408B-AC69-1FF7E901DA04}.Release|Any CPU.ActiveCfg = Release|Any CPU
		{5243EE60-20D9-408B-AC69-1FF7E901DA04}.Release|Any CPU.Build.0 = Release|Any CPU
		{934750E6-F69B-4BA6-82C6-29F507F1D97A}.Debug|Any CPU.ActiveCfg = Debug|Any CPU
		{934750E6-F69B-4BA6-82C6-29F507F1D97A}.Debug|Any CPU.Build.0 = Debug|Any CPU
		{934750E6-F69B-4BA6-82C6-29F507F1D97A}.Release|Any CPU.ActiveCfg = Release|Any CPU
		{934750E6-F69B-4BA6-82C6-29F507F1D97A}.Release|Any CPU.Build.0 = Release|Any CPU
		{79042993-891B-450A-89D6-26EC9179A9CD}.Debug|Any CPU.ActiveCfg = Debug|Any CPU
		{79042993-891B-450A-89D6-26EC9179A9CD}.Debug|Any CPU.Build.0 = Debug|Any CPU
		{79042993-891B-450A-89D6-26EC9179A9CD}.Release|Any CPU.ActiveCfg = Release|Any CPU
		{79042993-891B-450A-89D6-26EC9179A9CD}.Release|Any CPU.Build.0 = Release|Any CPU
		{9E3693D8-EAAA-437C-B6A5-64311292605B}.Debug|Any CPU.ActiveCfg = Debug|Any CPU
		{9E3693D8-EAAA-437C-B6A5-64311292605B}.Debug|Any CPU.Build.0 = Debug|Any CPU
		{9E3693D8-EAAA-437C-B6A5-64311292605B}.Release|Any CPU.ActiveCfg = Release|Any CPU
		{9E3693D8-EAAA-437C-B6A5-64311292605B}.Release|Any CPU.Build.0 = Release|Any CPU
		{A3F2934D-2DA4-44B7-B94E-347EAFBF116F}.Debug|Any CPU.ActiveCfg = Debug|Any CPU
		{A3F2934D-2DA4-44B7-B94E-347EAFBF116F}.Debug|Any CPU.Build.0 = Debug|Any CPU
		{A3F2934D-2DA4-44B7-B94E-347EAFBF116F}.Release|Any CPU.ActiveCfg = Release|Any CPU
		{A3F2934D-2DA4-44B7-B94E-347EAFBF116F}.Release|Any CPU.Build.0 = Release|Any CPU
		{57CF8310-3DDD-4921-9729-75C928A1DC21}.Debug|Any CPU.ActiveCfg = Debug|Any CPU
		{57CF8310-3DDD-4921-9729-75C928A1DC21}.Debug|Any CPU.Build.0 = Debug|Any CPU
		{57CF8310-3DDD-4921-9729-75C928A1DC21}.Release|Any CPU.ActiveCfg = Release|Any CPU
		{57CF8310-3DDD-4921-9729-75C928A1DC21}.Release|Any CPU.Build.0 = Release|Any CPU
		{65A577F5-C108-48EB-A9A4-4872A2E349B0}.Debug|Any CPU.ActiveCfg = Debug|Any CPU
		{65A577F5-C108-48EB-A9A4-4872A2E349B0}.Debug|Any CPU.Build.0 = Debug|Any CPU
		{65A577F5-C108-48EB-A9A4-4872A2E349B0}.Release|Any CPU.ActiveCfg = Release|Any CPU
		{65A577F5-C108-48EB-A9A4-4872A2E349B0}.Release|Any CPU.Build.0 = Release|Any CPU
		{3D9726BF-9003-4E3E-86C7-63FE7C557CD5}.Debug|Any CPU.ActiveCfg = Debug|Any CPU
		{3D9726BF-9003-4E3E-86C7-63FE7C557CD5}.Debug|Any CPU.Build.0 = Debug|Any CPU
		{3D9726BF-9003-4E3E-86C7-63FE7C557CD5}.Release|Any CPU.ActiveCfg = Release|Any CPU
		{3D9726BF-9003-4E3E-86C7-63FE7C557CD5}.Release|Any CPU.Build.0 = Release|Any CPU
	EndGlobalSection
	GlobalSection(SolutionProperties) = preSolution
		HideSolutionNode = FALSE
	EndGlobalSection
	GlobalSection(ExtensibilityGlobals) = postSolution
		SolutionGuid = {E38748F5-081F-485F-A344-6D4CEA442E93}
	EndGlobalSection
EndGlobal
